// !$*UTF8*$!
{
	archiveVersion = 1;
	classes = {
	};
	objectVersion = 77;
	objects = {

/* Begin PBXContainerItemProxy section */
		88FB4EC12D4CF78F00ED0581 /* PBXContainerItemProxy */ = {
			isa = PBXContainerItemProxy;
			containerPortal = 88FB4EA32D4CF78B00ED0581 /* Project object */;
			proxyType = 1;
			remoteGlobalIDString = 88FB4EAA2D4CF78B00ED0581;
			remoteInfo = TabViewExample;
		};
		88FB4ECB2D4CF78F00ED0581 /* PBXContainerItemProxy */ = {
			isa = PBXContainerItemProxy;
			containerPortal = 88FB4EA32D4CF78B00ED0581 /* Project object */;
			proxyType = 1;
			remoteGlobalIDString = 88FB4EAA2D4CF78B00ED0581;
			remoteInfo = TabViewExample;
		};
/* End PBXContainerItemProxy section */

/* Begin PBXFileReference section */
		88FB4EAB2D4CF78B00ED0581 /* TabViewExample.app */ = {isa = PBXFileReference; explicitFileType = wrapper.application; includeInIndex = 0; path = TabViewExample.app; sourceTree = BUILT_PRODUCTS_DIR; };
		88FB4EC02D4CF78F00ED0581 /* TabViewExampleTests.xctest */ = {isa = PBXFileReference; explicitFileType = wrapper.cfbundle; includeInIndex = 0; path = TabViewExampleTests.xctest; sourceTree = BUILT_PRODUCTS_DIR; };
		88FB4ECA2D4CF78F00ED0581 /* TabViewExampleUITests.xctest */ = {isa = PBXFileReference; explicitFileType = wrapper.cfbundle; includeInIndex = 0; path = TabViewExampleUITests.xctest; sourceTree = BUILT_PRODUCTS_DIR; };
/* End PBXFileReference section */

/* Begin PBXFileSystemSynchronizedRootGroup section */
		88FB4EAD2D4CF78B00ED0581 /* TabViewExample */ = {
			isa = PBXFileSystemSynchronizedRootGroup;
			path = TabViewExample;
			sourceTree = "<group>";
		};
		88FB4EC32D4CF78F00ED0581 /* TabViewExampleTests */ = {
			isa = PBXFileSystemSynchronizedRootGroup;
			path = TabViewExampleTests;
			sourceTree = "<group>";
		};
		88FB4ECD2D4CF78F00ED0581 /* TabViewExampleUITests */ = {
			isa = PBXFileSystemSynchronizedRootGroup;
			path = TabViewExampleUITests;
			sourceTree = "<group>";
		};
/* End PBXFileSystemSynchronizedRootGroup section */

/* Begin PBXFrameworksBuildPhase section */
		88FB4EA82D4CF78B00ED0581 /* Frameworks */ = {
			isa = PBXFrameworksBuildPhase;
			buildActionMask = 2147483647;
			files = (
			);
			runOnlyForDeploymentPostprocessing = 0;
		};
		88FB4EBD2D4CF78F00ED0581 /* Frameworks */ = {
			isa = PBXFrameworksBuildPhase;
			buildActionMask = 2147483647;
			files = (
			);
			runOnlyForDeploymentPostprocessing = 0;
		};
		88FB4EC72D4CF78F00ED0581 /* Frameworks */ = {
			isa = PBXFrameworksBuildPhase;
			buildActionMask = 2147483647;
			files = (
			);
			runOnlyForDeploymentPostprocessing = 0;
		};
/* End PBXFrameworksBuildPhase section */

/* Begin PBXGroup section */
		88FB4EA22D4CF78B00ED0581 = {
			isa = PBXGroup;
			children = (
				88FB4EAD2D4CF78B00ED0581 /* TabViewExample */,
				88FB4EC32D4CF78F00ED0581 /* TabViewExampleTests */,
				88FB4ECD2D4CF78F00ED0581 /* TabViewExampleUITests */,
				88FB4EAC2D4CF78B00ED0581 /* Products */,
			);
			sourceTree = "<group>";
		};
		88FB4EAC2D4CF78B00ED0581 /* Products */ = {
			isa = PBXGroup;
			children = (
				88FB4EAB2D4CF78B00ED0581 /* TabViewExample.app */,
				88FB4EC02D4CF78F00ED0581 /* TabViewExampleTests.xctest */,
				88FB4ECA2D4CF78F00ED0581 /* TabViewExampleUITests.xctest */,
			);
			name = Products;
			sourceTree = "<group>";
		};
/* End PBXGroup section */

/* Begin PBXNativeTarget section */
		88FB4EAA2D4CF78B00ED0581 /* TabViewExample */ = {
			isa = PBXNativeTarget;
			buildConfigurationList = 88FB4ED42D4CF78F00ED0581 /* Build configuration list for PBXNativeTarget "TabViewExample" */;
			buildPhases = (
				88FB4EA72D4CF78B00ED0581 /* Sources */,
				88FB4EA82D4CF78B00ED0581 /* Frameworks */,
				88FB4EA92D4CF78B00ED0581 /* Resources */,
			);
			buildRules = (
			);
			dependencies = (
			);
			fileSystemSynchronizedGroups = (
				88FB4EAD2D4CF78B00ED0581 /* TabViewExample */,
			);
			name = TabViewExample;
			packageProductDependencies = (
			);
			productName = TabViewExample;
			productReference = 88FB4EAB2D4CF78B00ED0581 /* TabViewExample.app */;
			productType = "com.apple.product-type.application";
		};
		88FB4EBF2D4CF78F00ED0581 /* TabViewExampleTests */ = {
			isa = PBXNativeTarget;
			buildConfigurationList = 88FB4ED72D4CF78F00ED0581 /* Build configuration list for PBXNativeTarget "TabViewExampleTests" */;
			buildPhases = (
				88FB4EBC2D4CF78F00ED0581 /* Sources */,
				88FB4EBD2D4CF78F00ED0581 /* Frameworks */,
				88FB4EBE2D4CF78F00ED0581 /* Resources */,
			);
			buildRules = (
			);
			dependencies = (
				88FB4EC22D4CF78F00ED0581 /* PBXTargetDependency */,
			);
			fileSystemSynchronizedGroups = (
				88FB4EC32D4CF78F00ED0581 /* TabViewExampleTests */,
			);
			name = TabViewExampleTests;
			packageProductDependencies = (
			);
			productName = TabViewExampleTests;
			productReference = 88FB4EC02D4CF78F00ED0581 /* TabViewExampleTests.xctest */;
			productType = "com.apple.product-type.bundle.unit-test";
		};
		88FB4EC92D4CF78F00ED0581 /* TabViewExampleUITests */ = {
			isa = PBXNativeTarget;
			buildConfigurationList = 88FB4EDA2D4CF78F00ED0581 /* Build configuration list for PBXNativeTarget "TabViewExampleUITests" */;
			buildPhases = (
				88FB4EC62D4CF78F00ED0581 /* Sources */,
				88FB4EC72D4CF78F00ED0581 /* Frameworks */,
				88FB4EC82D4CF78F00ED0581 /* Resources */,
			);
			buildRules = (
			);
			dependencies = (
				88FB4ECC2D4CF78F00ED0581 /* PBXTargetDependency */,
			);
			fileSystemSynchronizedGroups = (
				88FB4ECD2D4CF78F00ED0581 /* TabViewExampleUITests */,
			);
			name = TabViewExampleUITests;
			packageProductDependencies = (
			);
			productName = TabViewExampleUITests;
			productReference = 88FB4ECA2D4CF78F00ED0581 /* TabViewExampleUITests.xctest */;
			productType = "com.apple.product-type.bundle.ui-testing";
		};
/* End PBXNativeTarget section */

/* Begin PBXProject section */
		88FB4EA32D4CF78B00ED0581 /* Project object */ = {
			isa = PBXProject;
			attributes = {
				BuildIndependentTargetsInParallel = 1;
				LastSwiftUpdateCheck = 1620;
				LastUpgradeCheck = 1620;
				TargetAttributes = {
					88FB4EAA2D4CF78B00ED0581 = {
						CreatedOnToolsVersion = 16.2;
					};
					88FB4EBF2D4CF78F00ED0581 = {
						CreatedOnToolsVersion = 16.2;
						TestTargetID = 88FB4EAA2D4CF78B00ED0581;
					};
					88FB4EC92D4CF78F00ED0581 = {
						CreatedOnToolsVersion = 16.2;
						TestTargetID = 88FB4EAA2D4CF78B00ED0581;
					};
				};
			};
			buildConfigurationList = 88FB4EA62D4CF78B00ED0581 /* Build configuration list for PBXProject "TabViewExample" */;
			developmentRegion = en;
			hasScannedForEncodings = 0;
			knownRegions = (
				en,
				Base,
			);
			mainGroup = 88FB4EA22D4CF78B00ED0581;
			minimizedProjectReferenceProxies = 1;
			preferredProjectObjectVersion = 77;
			productRefGroup = 88FB4EAC2D4CF78B00ED0581 /* Products */;
			projectDirPath = "";
			projectRoot = "";
			targets = (
				88FB4EAA2D4CF78B00ED0581 /* TabViewExample */,
				88FB4EBF2D4CF78F00ED0581 /* TabViewExampleTests */,
				88FB4EC92D4CF78F00ED0581 /* TabViewExampleUITests */,
			);
		};
/* End PBXProject section */

/* Begin PBXResourcesBuildPhase section */
		88FB4EA92D4CF78B00ED0581 /* Resources */ = {
			isa = PBXResourcesBuildPhase;
			buildActionMask = 2147483647;
			files = (
			);
			runOnlyForDeploymentPostprocessing = 0;
		};
		88FB4EBE2D4CF78F00ED0581 /* Resources */ = {
			isa = PBXResourcesBuildPhase;
			buildActionMask = 2147483647;
			files = (
			);
			runOnlyForDeploymentPostprocessing = 0;
		};
		88FB4EC82D4CF78F00ED0581 /* Resources */ = {
			isa = PBXResourcesBuildPhase;
			buildActionMask = 2147483647;
			files = (
			);
			runOnlyForDeploymentPostprocessing = 0;
		};
/* End PBXResourcesBuildPhase section */

/* Begin PBXSourcesBuildPhase section */
		88FB4EA72D4CF78B00ED0581 /* Sources */ = {
			isa = PBXSourcesBuildPhase;
			buildActionMask = 2147483647;
			files = (
			);
			runOnlyForDeploymentPostprocessing = 0;
		};
		88FB4EBC2D4CF78F00ED0581 /* Sources */ = {
			isa = PBXSourcesBuildPhase;
			buildActionMask = 2147483647;
			files = (
			);
			runOnlyForDeploymentPostprocessing = 0;
		};
		88FB4EC62D4CF78F00ED0581 /* Sources */ = {
			isa = PBXSourcesBuildPhase;
			buildActionMask = 2147483647;
			files = (
			);
			runOnlyForDeploymentPostprocessing = 0;
		};
/* End PBXSourcesBuildPhase section */

/* Begin PBXTargetDependency section */
		88FB4EC22D4CF78F00ED0581 /* PBXTargetDependency */ = {
			isa = PBXTargetDependency;
			target = 88FB4EAA2D4CF78B00ED0581 /* TabViewExample */;
			targetProxy = 88FB4EC12D4CF78F00ED0581 /* PBXContainerItemProxy */;
		};
		88FB4ECC2D4CF78F00ED0581 /* PBXTargetDependency */ = {
			isa = PBXTargetDependency;
			target = 88FB4EAA2D4CF78B00ED0581 /* TabViewExample */;
			targetProxy = 88FB4ECB2D4CF78F00ED0581 /* PBXContainerItemProxy */;
		};
/* End PBXTargetDependency section */

/* Begin XCBuildConfiguration section */
		88FB4ED22D4CF78F00ED0581 /* Debug */ = {
			isa = XCBuildConfiguration;
			buildSettings = {
				ALWAYS_SEARCH_USER_PATHS = NO;
				ASSETCATALOG_COMPILER_GENERATE_SWIFT_ASSET_SYMBOL_EXTENSIONS = YES;
				CLANG_ANALYZER_NONNULL = YES;
				CLANG_ANALYZER_NUMBER_OBJECT_CONVERSION = YES_AGGRESSIVE;
				CLANG_CXX_LANGUAGE_STANDARD = "gnu++20";
				CLANG_ENABLE_MODULES = YES;
				CLANG_ENABLE_OBJC_ARC = YES;
				CLANG_ENABLE_OBJC_WEAK = YES;
				CLANG_WARN_BLOCK_CAPTURE_AUTORELEASING = YES;
				CLANG_WARN_BOOL_CONVERSION = YES;
				CLANG_WARN_COMMA = YES;
				CLANG_WARN_CONSTANT_CONVERSION = YES;
				CLANG_WARN_DEPRECATED_OBJC_IMPLEMENTATIONS = YES;
				CLANG_WARN_DIRECT_OBJC_ISA_USAGE = YES_ERROR;
				CLANG_WARN_DOCUMENTATION_COMMENTS = YES;
				CLANG_WARN_EMPTY_BODY = YES;
				CLANG_WARN_ENUM_CONVERSION = YES;
				CLANG_WARN_INFINITE_RECURSION = YES;
				CLANG_WARN_INT_CONVERSION = YES;
				CLANG_WARN_NON_LITERAL_NULL_CONVERSION = YES;
				CLANG_WARN_OBJC_IMPLICIT_RETAIN_SELF = YES;
				CLANG_WARN_OBJC_LITERAL_CONVERSION = YES;
				CLANG_WARN_OBJC_ROOT_CLASS = YES_ERROR;
				CLANG_WARN_QUOTED_INCLUDE_IN_FRAMEWORK_HEADER = YES;
				CLANG_WARN_RANGE_LOOP_ANALYSIS = YES;
				CLANG_WARN_STRICT_PROTOTYPES = YES;
				CLANG_WARN_SUSPICIOUS_MOVE = YES;
				CLANG_WARN_UNGUARDED_AVAILABILITY = YES_AGGRESSIVE;
				CLANG_WARN_UNREACHABLE_CODE = YES;
				CLANG_WARN__DUPLICATE_METHOD_MATCH = YES;
				COPY_PHASE_STRIP = NO;
				DEBUG_INFORMATION_FORMAT = dwarf;
				ENABLE_STRICT_OBJC_MSGSEND = YES;
				ENABLE_TESTABILITY = YES;
				ENABLE_USER_SCRIPT_SANDBOXING = YES;
				GCC_C_LANGUAGE_STANDARD = gnu17;
				GCC_DYNAMIC_NO_PIC = NO;
				GCC_NO_COMMON_BLOCKS = YES;
				GCC_OPTIMIZATION_LEVEL = 0;
				GCC_PREPROCESSOR_DEFINITIONS = (
					"DEBUG=1",
					"$(inherited)",
				);
				GCC_WARN_64_TO_32_BIT_CONVERSION = YES;
				GCC_WARN_ABOUT_RETURN_TYPE = YES_ERROR;
				GCC_WARN_UNDECLARED_SELECTOR = YES;
				GCC_WARN_UNINITIALIZED_AUTOS = YES_AGGRESSIVE;
				GCC_WARN_UNUSED_FUNCTION = YES;
				GCC_WARN_UNUSED_VARIABLE = YES;
				IPHONEOS_DEPLOYMENT_TARGET = 18.2;
				LOCALIZATION_PREFERS_STRING_CATALOGS = YES;
				MTL_ENABLE_DEBUG_INFO = INCLUDE_SOURCE;
				MTL_FAST_MATH = YES;
				ONLY_ACTIVE_ARCH = YES;
				SDKROOT = iphoneos;
				SWIFT_ACTIVE_COMPILATION_CONDITIONS = "DEBUG $(inherited)";
				SWIFT_OPTIMIZATION_LEVEL = "-Onone";
			};
			name = Debug;
		};
		88FB4ED32D4CF78F00ED0581 /* Release */ = {
			isa = XCBuildConfiguration;
			buildSettings = {
				ALWAYS_SEARCH_USER_PATHS = NO;
				ASSETCATALOG_COMPILER_GENERATE_SWIFT_ASSET_SYMBOL_EXTENSIONS = YES;
				CLANG_ANALYZER_NONNULL = YES;
				CLANG_ANALYZER_NUMBER_OBJECT_CONVERSION = YES_AGGRESSIVE;
				CLANG_CXX_LANGUAGE_STANDARD = "gnu++20";
				CLANG_ENABLE_MODULES = YES;
				CLANG_ENABLE_OBJC_ARC = YES;
				CLANG_ENABLE_OBJC_WEAK = YES;
				CLANG_WARN_BLOCK_CAPTURE_AUTORELEASING = YES;
				CLANG_WARN_BOOL_CONVERSION = YES;
				CLANG_WARN_COMMA = YES;
				CLANG_WARN_CONSTANT_CONVERSION = YES;
				CLANG_WARN_DEPRECATED_OBJC_IMPLEMENTATIONS = YES;
				CLANG_WARN_DIRECT_OBJC_ISA_USAGE = YES_ERROR;
				CLANG_WARN_DOCUMENTATION_COMMENTS = YES;
				CLANG_WARN_EMPTY_BODY = YES;
				CLANG_WARN_ENUM_CONVERSION = YES;
				CLANG_WARN_INFINITE_RECURSION = YES;
				CLANG_WARN_INT_CONVERSION = YES;
				CLANG_WARN_NON_LITERAL_NULL_CONVERSION = YES;
				CLANG_WARN_OBJC_IMPLICIT_RETAIN_SELF = YES;
				CLANG_WARN_OBJC_LITERAL_CONVERSION = YES;
				CLANG_WARN_OBJC_ROOT_CLASS = YES_ERROR;
				CLANG_WARN_QUOTED_INCLUDE_IN_FRAMEWORK_HEADER = YES;
				CLANG_WARN_RANGE_LOOP_ANALYSIS = YES;
				CLANG_WARN_STRICT_PROTOTYPES = YES;
				CLANG_WARN_SUSPICIOUS_MOVE = YES;
				CLANG_WARN_UNGUARDED_AVAILABILITY = YES_AGGRESSIVE;
				CLANG_WARN_UNREACHABLE_CODE = YES;
				CLANG_WARN__DUPLICATE_METHOD_MATCH = YES;
				COPY_PHASE_STRIP = NO;
				DEBUG_INFORMATION_FORMAT = "dwarf-with-dsym";
				ENABLE_NS_ASSERTIONS = NO;
				ENABLE_STRICT_OBJC_MSGSEND = YES;
				ENABLE_USER_SCRIPT_SANDBOXING = YES;
				GCC_C_LANGUAGE_STANDARD = gnu17;
				GCC_NO_COMMON_BLOCKS = YES;
				GCC_WARN_64_TO_32_BIT_CONVERSION = YES;
				GCC_WARN_ABOUT_RETURN_TYPE = YES_ERROR;
				GCC_WARN_UNDECLARED_SELECTOR = YES;
				GCC_WARN_UNINITIALIZED_AUTOS = YES_AGGRESSIVE;
				GCC_WARN_UNUSED_FUNCTION = YES;
				GCC_WARN_UNUSED_VARIABLE = YES;
				IPHONEOS_DEPLOYMENT_TARGET = 18.2;
				LOCALIZATION_PREFERS_STRING_CATALOGS = YES;
				MTL_ENABLE_DEBUG_INFO = NO;
				MTL_FAST_MATH = YES;
				SDKROOT = iphoneos;
				SWIFT_COMPILATION_MODE = wholemodule;
				VALIDATE_PRODUCT = YES;
			};
			name = Release;
		};
		88FB4ED52D4CF78F00ED0581 /* Debug */ = {
			isa = XCBuildConfiguration;
			buildSettings = {
				ASSETCATALOG_COMPILER_APPICON_NAME = AppIcon;
				ASSETCATALOG_COMPILER_GLOBAL_ACCENT_COLOR_NAME = AccentColor;
				CODE_SIGN_STYLE = Automatic;
				CURRENT_PROJECT_VERSION = 1;
				DEVELOPMENT_ASSET_PATHS = "\"TabViewExample/Preview Content\"";
				DEVELOPMENT_TEAM = "";
				ENABLE_PREVIEWS = YES;
				GENERATE_INFOPLIST_FILE = YES;
				INFOPLIST_KEY_UIApplicationSceneManifest_Generation = YES;
				INFOPLIST_KEY_UIApplicationSupportsIndirectInputEvents = YES;
				INFOPLIST_KEY_UILaunchScreen_Generation = YES;
				INFOPLIST_KEY_UISupportedInterfaceOrientations_iPad = "UIInterfaceOrientationPortrait UIInterfaceOrientationPortraitUpsideDown UIInterfaceOrientationLandscapeLeft UIInterfaceOrientationLandscapeRight";
				INFOPLIST_KEY_UISupportedInterfaceOrientations_iPhone = "UIInterfaceOrientationPortrait UIInterfaceOrientationLandscapeLeft UIInterfaceOrientationLandscapeRight";
				LD_RUNPATH_SEARCH_PATHS = (
					"$(inherited)",
					"@executable_path/Frameworks",
				);
				MARKETING_VERSION = 1.0;
				PRODUCT_BUNDLE_IDENTIFIER = "com.test-TabViewExample.TabViewExample";
				PRODUCT_NAME = "$(TARGET_NAME)";
				SWIFT_EMIT_LOC_STRINGS = YES;
				SWIFT_VERSION = 5.0;
				TARGETED_DEVICE_FAMILY = "1,2";
			};
			name = Debug;
		};
		88FB4ED62D4CF78F00ED0581 /* Release */ = {
			isa = XCBuildConfiguration;
			buildSettings = {
				ASSETCATALOG_COMPILER_APPICON_NAME = AppIcon;
				ASSETCATALOG_COMPILER_GLOBAL_ACCENT_COLOR_NAME = AccentColor;
				CODE_SIGN_STYLE = Automatic;
				CURRENT_PROJECT_VERSION = 1;
				DEVELOPMENT_ASSET_PATHS = "\"TabViewExample/Preview Content\"";
				DEVELOPMENT_TEAM = "";
				ENABLE_PREVIEWS = YES;
				GENERATE_INFOPLIST_FILE = YES;
				INFOPLIST_KEY_UIApplicationSceneManifest_Generation = YES;
				INFOPLIST_KEY_UIApplicationSupportsIndirectInputEvents = YES;
				INFOPLIST_KEY_UILaunchScreen_Generation = YES;
				INFOPLIST_KEY_UISupportedInterfaceOrientations_iPad = "UIInterfaceOrientationPortrait UIInterfaceOrientationPortraitUpsideDown UIInterfaceOrientationLandscapeLeft UIInterfaceOrientationLandscapeRight";
				INFOPLIST_KEY_UISupportedInterfaceOrientations_iPhone = "UIInterfaceOrientationPortrait UIInterfaceOrientationLandscapeLeft UIInterfaceOrientationLandscapeRight";
				LD_RUNPATH_SEARCH_PATHS = (
					"$(inherited)",
					"@executable_path/Frameworks",
				);
				MARKETING_VERSION = 1.0;
				PRODUCT_BUNDLE_IDENTIFIER = "com.test-TabViewExample.TabViewExample";
				PRODUCT_NAME = "$(TARGET_NAME)";
				SWIFT_EMIT_LOC_STRINGS = YES;
				SWIFT_VERSION = 5.0;
				TARGETED_DEVICE_FAMILY = "1,2";
			};
			name = Release;
		};
		88FB4ED82D4CF78F00ED0581 /* Debug */ = {
			isa = XCBuildConfiguration;
			buildSettings = {
				BUNDLE_LOADER = "$(TEST_HOST)";
				CODE_SIGN_STYLE = Automatic;
				CURRENT_PROJECT_VERSION = 1;
				DEVELOPMENT_TEAM = SN849NLQL2;
				GENERATE_INFOPLIST_FILE = YES;
				IPHONEOS_DEPLOYMENT_TARGET = 18.2;
				MARKETING_VERSION = 1.0;
				PRODUCT_BUNDLE_IDENTIFIER = "com.test-TabViewExample.TabViewExampleTests";
				PRODUCT_NAME = "$(TARGET_NAME)";
				SWIFT_EMIT_LOC_STRINGS = NO;
				SWIFT_VERSION = 5.0;
				TARGETED_DEVICE_FAMILY = "1,2";
				TEST_HOST = "$(BUILT_PRODUCTS_DIR)/TabViewExample.app/$(BUNDLE_EXECUTABLE_FOLDER_PATH)/TabViewExample";
			};
			name = Debug;
		};
		88FB4ED92D4CF78F00ED0581 /* Release */ = {
			isa = XCBuildConfiguration;
			buildSettings = {
				BUNDLE_LOADER = "$(TEST_HOST)";
				CODE_SIGN_STYLE = Automatic;
				CURRENT_PROJECT_VERSION = 1;
				DEVELOPMENT_TEAM = SN849NLQL2;
				GENERATE_INFOPLIST_FILE = YES;
				IPHONEOS_DEPLOYMENT_TARGET = 18.2;
				MARKETING_VERSION = 1.0;
				PRODUCT_BUNDLE_IDENTIFIER = "com.test-TabViewExample.TabViewExampleTests";
				PRODUCT_NAME = "$(TARGET_NAME)";
				SWIFT_EMIT_LOC_STRINGS = NO;
				SWIFT_VERSION = 5.0;
				TARGETED_DEVICE_FAMILY = "1,2";
				TEST_HOST = "$(BUILT_PRODUCTS_DIR)/TabViewExample.app/$(BUNDLE_EXECUTABLE_FOLDER_PATH)/TabViewExample";
			};
			name = Release;
		};
		88FB4EDB2D4CF78F00ED0581 /* Debug */ = {
			isa = XCBuildConfiguration;
			buildSettings = {
				CODE_SIGN_STYLE = Automatic;
				CURRENT_PROJECT_VERSION = 1;
				DEVELOPMENT_TEAM = SN849NLQL2;
				GENERATE_INFOPLIST_FILE = YES;
				MARKETING_VERSION = 1.0;
				PRODUCT_BUNDLE_IDENTIFIER = "com.test-TabViewExample.TabViewExampleUITests";
				PRODUCT_NAME = "$(TARGET_NAME)";
				SWIFT_EMIT_LOC_STRINGS = NO;
				SWIFT_VERSION = 5.0;
				TARGETED_DEVICE_FAMILY = "1,2";
				TEST_TARGET_NAME = TabViewExample;
			};
			name = Debug;
		};
		88FB4EDC2D4CF78F00ED0581 /* Release */ = {
			isa = XCBuildConfiguration;
			buildSettings = {
				CODE_SIGN_STYLE = Automatic;
				CURRENT_PROJECT_VERSION = 1;
				DEVELOPMENT_TEAM = SN849NLQL2;
				GENERATE_INFOPLIST_FILE = YES;
				MARKETING_VERSION = 1.0;
				PRODUCT_BUNDLE_IDENTIFIER = "com.test-TabViewExample.TabViewExampleUITests";
				PRODUCT_NAME = "$(TARGET_NAME)";
				SWIFT_EMIT_LOC_STRINGS = NO;
				SWIFT_VERSION = 5.0;
				TARGETED_DEVICE_FAMILY = "1,2";
				TEST_TARGET_NAME = TabViewExample;
			};
			name = Release;
		};
/* End XCBuildConfiguration section */

/* Begin XCConfigurationList section */
		88FB4EA62D4CF78B00ED0581 /* Build configuration list for PBXProject "TabViewExample" */ = {
			isa = XCConfigurationList;
			buildConfigurations = (
				88FB4ED22D4CF78F00ED0581 /* Debug */,
				88FB4ED32D4CF78F00ED0581 /* Release */,
			);
			defaultConfigurationIsVisible = 0;
			defaultConfigurationName = Release;
		};
		88FB4ED42D4CF78F00ED0581 /* Build configuration list for PBXNativeTarget "TabViewExample" */ = {
			isa = XCConfigurationList;
			buildConfigurations = (
				88FB4ED52D4CF78F00ED0581 /* Debug */,
				88FB4ED62D4CF78F00ED0581 /* Release */,
			);
			defaultConfigurationIsVisible = 0;
			defaultConfigurationName = Release;
		};
		88FB4ED72D4CF78F00ED0581 /* Build configuration list for PBXNativeTarget "TabViewExampleTests" */ = {
			isa = XCConfigurationList;
			buildConfigurations = (
				88FB4ED82D4CF78F00ED0581 /* Debug */,
				88FB4ED92D4CF78F00ED0581 /* Release */,
			);
			defaultConfigurationIsVisible = 0;
			defaultConfigurationName = Release;
		};
		88FB4EDA2D4CF78F00ED0581 /* Build configuration list for PBXNativeTarget "TabViewExampleUITests" */ = {
			isa = XCConfigurationList;
			buildConfigurations = (
				88FB4EDB2D4CF78F00ED0581 /* Debug */,
				88FB4EDC2D4CF78F00ED0581 /* Release */,
			);
			defaultConfigurationIsVisible = 0;
			defaultConfigurationName = Release;
		};
/* End XCConfigurationList section */
	};
	rootObject = 88FB4EA32D4CF78B00ED0581 /* Project object */;
}
